
Microsoft Visual Studio Solution File, Format Version 12.00
# Visual Studio Version 16
VisualStudioVersion = 16.0.29519.181
MinimumVisualStudioVersion = 10.0.40219.1
Project("{FAE04EC0-301F-11D3-BF4B-00C04F79EFBC}") = "Photo To Blueprint", "Photo To Blueprint\Photo To Blueprint.csproj", "{B2014E77-AA63-4293-B916-98CCE942D2BA}"
EndProject
Global
	GlobalSection(SolutionConfigurationPlatforms) = preSolution
		Debug|Any CPU = Debug|Any CPU
		Release|Any CPU = Release|Any CPU
	EndGlobalSection
	GlobalSection(ProjectConfigurationPlatforms) = postSolution
		{B2014E77-AA63-4293-B916-98CCE942D2BA}.Debug|Any CPU.ActiveCfg = Debug|Any CPU
		{B2014E77-AA63-4293-B916-98CCE942D2BA}.Debug|Any CPU.Build.0 = Debug|Any CPU
		{B2014E77-AA63-4293-B916-98CCE942D2BA}.Release|Any CPU.ActiveCfg = Release|Any CPU
		{B2014E77-AA63-4293-B916-98CCE942D2BA}.Release|Any CPU.Build.0 = Release|Any CPU
	EndGlobalSection
	GlobalSection(SolutionProperties) = preSolution
		HideSolutionNode = FALSE
	EndGlobalSection
	GlobalSection(ExtensibilityGlobals) = postSolution
		SolutionGuid = {7D543318-E1A5-4E4C-AA14-CE6AFE4B2529}
	EndGlobalSection
EndGlobal
